
Microsoft Visual Studio Solution File, Format Version 12.00
# Visual Studio Version 17
VisualStudioVersion = 17.1.32328.378
MinimumVisualStudioVersion = 10.0.40219.1
Project("{9A19103F-16F7-4668-BE54-9A1E7A4F7556}") = "NutriAPI", "NutriAPI\NutriAPI.csproj", "{7140231B-12CF-4F98-9F6D-881013D56EA7}"
EndProject
Project("{9A19103F-16F7-4668-BE54-9A1E7A4F7556}") = "Nutri.Domain", "Nutri.Domain\Nutri.Domain.csproj", "{92E34FE1-700E-475F-85BE-737E65C1211C}"
EndProject
Project("{9A19103F-16F7-4668-BE54-9A1E7A4F7556}") = "Nutri.Infrastructure", "Nutri.Infrastructure\Nutri.Infrastructure.csproj", "{DBD0D8F7-467A-466C-8329-99FA7678EC8A}"
EndProject
Project("{9A19103F-16F7-4668-BE54-9A1E7A4F7556}") = "Nutri.Application", "Nutri.Application\Nutri.Application.csproj", "{EF31775F-D5C6-42B4-ADC1-3BD16B842CE3}"
EndProject
Project("{2150E333-8FDC-42A3-9474-1A3956D46DE8}") = "Infrastructure", "Infrastructure", "{8CDB55A1-2826-4315-8AB6-CDEC201C6750}"
EndProject
Project("{2150E333-8FDC-42A3-9474-1A3956D46DE8}") = "Core", "Core", "{A15904ED-4C22-4FC9-80A8-F1D99B155079}"
EndProject
Project("{2150E333-8FDC-42A3-9474-1A3956D46DE8}") = "API", "API", "{89D92BDC-C178-481A-899C-6E8A1C94E59E}"
EndProject
Project("{9A19103F-16F7-4668-BE54-9A1E7A4F7556}") = "Utils", "Utils\Utils.csproj", "{7468D1AA-8F23-4D65-80AE-89378313F6D8}"
EndProject
Project("{FAE04EC0-301F-11D3-BF4B-00C04F79EFBC}") = "NutriApp.Identity", "NutriApp.Identity\NutriApp.Identity.csproj", "{AECF4C9D-7E10-48E2-B8F2-E157C3EAD7DB}"
EndProject
Global
	GlobalSection(SolutionConfigurationPlatforms) = preSolution
		Debug|Any CPU = Debug|Any CPU
		Release|Any CPU = Release|Any CPU
	EndGlobalSection
	GlobalSection(ProjectConfigurationPlatforms) = postSolution
		{7140231B-12CF-4F98-9F6D-881013D56EA7}.Debug|Any CPU.ActiveCfg = Debug|Any CPU
		{7140231B-12CF-4F98-9F6D-881013D56EA7}.Debug|Any CPU.Build.0 = Debug|Any CPU
		{7140231B-12CF-4F98-9F6D-881013D56EA7}.Release|Any CPU.ActiveCfg = Release|Any CPU
		{7140231B-12CF-4F98-9F6D-881013D56EA7}.Release|Any CPU.Build.0 = Release|Any CPU
		{92E34FE1-700E-475F-85BE-737E65C1211C}.Debug|Any CPU.ActiveCfg = Debug|Any CPU
		{92E34FE1-700E-475F-85BE-737E65C1211C}.Debug|Any CPU.Build.0 = Debug|Any CPU
		{92E34FE1-700E-475F-85BE-737E65C1211C}.Release|Any CPU.ActiveCfg = Release|Any CPU
		{92E34FE1-700E-475F-85BE-737E65C1211C}.Release|Any CPU.Build.0 = Release|Any CPU
		{DBD0D8F7-467A-466C-8329-99FA7678EC8A}.Debug|Any CPU.ActiveCfg = Debug|Any CPU
		{DBD0D8F7-467A-466C-8329-99FA7678EC8A}.Debug|Any CPU.Build.0 = Debug|Any CPU
		{DBD0D8F7-467A-466C-8329-99FA7678EC8A}.Release|Any CPU.ActiveCfg = Release|Any CPU
		{DBD0D8F7-467A-466C-8329-99FA7678EC8A}.Release|Any CPU.Build.0 = Release|Any CPU
		{EF31775F-D5C6-42B4-ADC1-3BD16B842CE3}.Debug|Any CPU.ActiveCfg = Debug|Any CPU
		{EF31775F-D5C6-42B4-ADC1-3BD16B842CE3}.Debug|Any CPU.Build.0 = Debug|Any CPU
		{EF31775F-D5C6-42B4-ADC1-3BD16B842CE3}.Release|Any CPU.ActiveCfg = Release|Any CPU
		{EF31775F-D5C6-42B4-ADC1-3BD16B842CE3}.Release|Any CPU.Build.0 = Release|Any CPU
		{7468D1AA-8F23-4D65-80AE-89378313F6D8}.Debug|Any CPU.ActiveCfg = Debug|Any CPU
		{7468D1AA-8F23-4D65-80AE-89378313F6D8}.Debug|Any CPU.Build.0 = Debug|Any CPU
		{7468D1AA-8F23-4D65-80AE-89378313F6D8}.Release|Any CPU.ActiveCfg = Release|Any CPU
		{7468D1AA-8F23-4D65-80AE-89378313F6D8}.Release|Any CPU.Build.0 = Release|Any CPU
		{AECF4C9D-7E10-48E2-B8F2-E157C3EAD7DB}.Debug|Any CPU.ActiveCfg = Debug|Any CPU
		{AECF4C9D-7E10-48E2-B8F2-E157C3EAD7DB}.Debug|Any CPU.Build.0 = Debug|Any CPU
		{AECF4C9D-7E10-48E2-B8F2-E157C3EAD7DB}.Release|Any CPU.ActiveCfg = Release|Any CPU
		{AECF4C9D-7E10-48E2-B8F2-E157C3EAD7DB}.Release|Any CPU.Build.0 = Release|Any CPU
	EndGlobalSection
	GlobalSection(SolutionProperties) = preSolution
		HideSolutionNode = FALSE
	EndGlobalSection
	GlobalSection(NestedProjects) = preSolution
		{7140231B-12CF-4F98-9F6D-881013D56EA7} = {89D92BDC-C178-481A-899C-6E8A1C94E59E}
		{92E34FE1-700E-475F-85BE-737E65C1211C} = {A15904ED-4C22-4FC9-80A8-F1D99B155079}
		{DBD0D8F7-467A-466C-8329-99FA7678EC8A} = {8CDB55A1-2826-4315-8AB6-CDEC201C6750}
		{EF31775F-D5C6-42B4-ADC1-3BD16B842CE3} = {A15904ED-4C22-4FC9-80A8-F1D99B155079}
		{7468D1AA-8F23-4D65-80AE-89378313F6D8} = {A15904ED-4C22-4FC9-80A8-F1D99B155079}
		{AECF4C9D-7E10-48E2-B8F2-E157C3EAD7DB} = {8CDB55A1-2826-4315-8AB6-CDEC201C6750}
	EndGlobalSection
	GlobalSection(ExtensibilityGlobals) = postSolution
		SolutionGuid = {657B5AB0-2847-46F9-B0BD-BAEDC5083B93}
	EndGlobalSection
EndGlobal
